
Microsoft Visual Studio Solution File, Format Version 12.00
# Visual Studio 15
VisualStudioVersion = 15.0.28307.329
MinimumVisualStudioVersion = 10.0.40219.1
Project("{E24C65DC-7377-472B-9ABA-BC803B73C61A}") = "PNW_Emergency_Response", "PNW_Emergency_Response\", "{FB41140A-F40B-449F-85C5-0557DEF4C48E}"
	ProjectSection(WebsiteProperties) = preProject
		TargetFrameworkMoniker = ".NETFramework,Version%3Dv4.6.1"
		Debug.AspNetCompiler.VirtualPath = "/localhost_51672"
		Debug.AspNetCompiler.PhysicalPath = "PNW_Emergency_Response\"
		Debug.AspNetCompiler.TargetPath = "PrecompiledWeb\localhost_51672\"
		Debug.AspNetCompiler.Updateable = "true"
		Debug.AspNetCompiler.ForceOverwrite = "true"
		Debug.AspNetCompiler.FixedNames = "false"
		Debug.AspNetCompiler.Debug = "True"
		Release.AspNetCompiler.VirtualPath = "/localhost_51672"
		Release.AspNetCompiler.PhysicalPath = "PNW_Emergency_Response\"
		Release.AspNetCompiler.TargetPath = "PrecompiledWeb\localhost_51672\"
		Release.AspNetCompiler.Updateable = "true"
		Release.AspNetCompiler.ForceOverwrite = "true"
		Release.AspNetCompiler.FixedNames = "false"
		Release.AspNetCompiler.Debug = "False"
		VWDPort = "51672"
		SlnRelativePath = "PNW_Emergency_Response\"
		DefaultWebSiteLanguage = "Visual C#"
	EndProjectSection
EndProject
Global
	GlobalSection(SolutionConfigurationPlatforms) = preSolution
		Debug|Any CPU = Debug|Any CPU
	EndGlobalSection
	GlobalSection(ProjectConfigurationPlatforms) = postSolution
		{FB41140A-F40B-449F-85C5-0557DEF4C48E}.Debug|Any CPU.ActiveCfg = Debug|Any CPU
		{FB41140A-F40B-449F-85C5-0557DEF4C48E}.Debug|Any CPU.Build.0 = Debug|Any CPU
	EndGlobalSection
	GlobalSection(SolutionProperties) = preSolution
		HideSolutionNode = FALSE
	EndGlobalSection
	GlobalSection(ExtensibilityGlobals) = postSolution
		SolutionGuid = {7109EB8F-243B-40BF-9ADE-80A0550A75AD}
	EndGlobalSection
EndGlobal
